
Microsoft Visual Studio Solution File, Format Version 12.00
# Visual Studio Version 16
VisualStudioVersion = 16.0.29709.97
MinimumVisualStudioVersion = 10.0.40219.1
Project("{FAE04EC0-301F-11D3-BF4B-00C04F79EFBC}") = "Schafkopf", "Schafkopf.csproj", "{49CC2531-727C-402F-AFE6-2E3ADC1D5AF7}"
EndProject
Global
	GlobalSection(SolutionConfigurationPlatforms) = preSolution
		Debug|Any CPU = Debug|Any CPU
		Release|Any CPU = Release|Any CPU
	EndGlobalSection
	GlobalSection(ProjectConfigurationPlatforms) = postSolution
		{49CC2531-727C-402F-AFE6-2E3ADC1D5AF7}.Debug|Any CPU.ActiveCfg = Debug|Any CPU
		{49CC2531-727C-402F-AFE6-2E3ADC1D5AF7}.Debug|Any CPU.Build.0 = Debug|Any CPU
		{49CC2531-727C-402F-AFE6-2E3ADC1D5AF7}.Release|Any CPU.ActiveCfg = Release|Any CPU
		{49CC2531-727C-402F-AFE6-2E3ADC1D5AF7}.Release|Any CPU.Build.0 = Release|Any CPU
	EndGlobalSection
	GlobalSection(SolutionProperties) = preSolution
		HideSolutionNode = FALSE
	EndGlobalSection
	GlobalSection(ExtensibilityGlobals) = postSolution
		SolutionGuid = {E6A69DB8-7881-4D59-AE1D-9427CE0ED4E4}
	EndGlobalSection
EndGlobal
